// !$*UTF8*$!
{
	archiveVersion = 1;
	classes = {
	};
	objectVersion = 46;
	objects = {

/* Begin PBXBuildFile section */
		8C7537AA1A3A01D900F1DD5E /* AppDelegate.swift in Sources */ = {isa = PBXBuildFile; fileRef = 8C7537A91A3A01D900F1DD5E /* AppDelegate.swift */; };
		8C7537AC1A3A01D900F1DD5E /* RecordSoundsViewController.swift in Sources */ = {isa = PBXBuildFile; fileRef = 8C7537AB1A3A01D900F1DD5E /* RecordSoundsViewController.swift */; };
		8C7537AF1A3A01D900F1DD5E /* Main.storyboard in Resources */ = {isa = PBXBuildFile; fileRef = 8C7537AD1A3A01D900F1DD5E /* Main.storyboard */; };
		8C7537B11A3A01D900F1DD5E /* Images.xcassets in Resources */ = {isa = PBXBuildFile; fileRef = 8C7537B01A3A01D900F1DD5E /* Images.xcassets */; };
		8C7537B41A3A01D900F1DD5E /* LaunchScreen.xib in Resources */ = {isa = PBXBuildFile; fileRef = 8C7537B21A3A01D900F1DD5E /* LaunchScreen.xib */; };
		8C7537C01A3A01D900F1DD5E /* Pitch_PerfectTests.swift in Sources */ = {isa = PBXBuildFile; fileRef = 8C7537BF1A3A01D900F1DD5E /* Pitch_PerfectTests.swift */; };
		8C7537CA1A3A0E4800F1DD5E /* PlaySoundsViewController.swift in Sources */ = {isa = PBXBuildFile; fileRef = 8C7537C91A3A0E4800F1DD5E /* PlaySoundsViewController.swift */; };
		8C7537CC1A3A10AB00F1DD5E /* movie_quote.mp3 in Resources */ = {isa = PBXBuildFile; fileRef = 8C7537CB1A3A10AB00F1DD5E /* movie_quote.mp3 */; };
		8C7537D01A3A2FAC00F1DD5E /* RecordedAudio.swift in Sources */ = {isa = PBXBuildFile; fileRef = 8C7537CF1A3A2FAC00F1DD5E /* RecordedAudio.swift */; };
/* End PBXBuildFile section */

/* Begin PBXContainerItemProxy section */
		8C7537BA1A3A01D900F1DD5E /* PBXContainerItemProxy */ = {
			isa = PBXContainerItemProxy;
			containerPortal = 8C75379C1A3A01D900F1DD5E /* Project object */;
			proxyType = 1;
			remoteGlobalIDString = 8C7537A31A3A01D900F1DD5E;
			remoteInfo = "Pitch Perfect";
		};
/* End PBXContainerItemProxy section */

/* Begin PBXFileReference section */
		8C7537A41A3A01D900F1DD5E /* Pitch Perfect.app */ = {isa = PBXFileReference; explicitFileType = wrapper.application; includeInIndex = 0; path = "Pitch Perfect.app"; sourceTree = BUILT_PRODUCTS_DIR; };
		8C7537A81A3A01D900F1DD5E /* Info.plist */ = {isa = PBXFileReference; lastKnownFileType = text.plist.xml; path = Info.plist; sourceTree = "<group>"; };
		8C7537A91A3A01D900F1DD5E /* AppDelegate.swift */ = {isa = PBXFileReference; lastKnownFileType = sourcecode.swift; path = AppDelegate.swift; sourceTree = "<group>"; };
		8C7537AB1A3A01D900F1DD5E /* RecordSoundsViewController.swift */ = {isa = PBXFileReference; lastKnownFileType = sourcecode.swift; path = RecordSoundsViewController.swift; sourceTree = "<group>"; };
		8C7537AE1A3A01D900F1DD5E /* Base */ = {isa = PBXFileReference; lastKnownFileType = file.storyboard; name = Base; path = Base.lproj/Main.storyboard; sourceTree = "<group>"; };
		8C7537B01A3A01D900F1DD5E /* Images.xcassets */ = {isa = PBXFileReference; lastKnownFileType = folder.assetcatalog; path = Images.xcassets; sourceTree = "<group>"; };
		8C7537B31A3A01D900F1DD5E /* Base */ = {isa = PBXFileReference; lastKnownFileType = file.xib; name = Base; path = Base.lproj/LaunchScreen.xib; sourceTree = "<group>"; };
		8C7537B91A3A01D900F1DD5E /* Pitch PerfectTests.xctest */ = {isa = PBXFileReference; explicitFileType = wrapper.cfbundle; includeInIndex = 0; path = "Pitch PerfectTests.xctest"; sourceTree = BUILT_PRODUCTS_DIR; };
		8C7537BE1A3A01D900F1DD5E /* Info.plist */ = {isa = PBXFileReference; lastKnownFileType = text.plist.xml; path = Info.plist; sourceTree = "<group>"; };
		8C7537BF1A3A01D900F1DD5E /* Pitch_PerfectTests.swift */ = {isa = PBXFileReference; lastKnownFileType = sourcecode.swift; path = Pitch_PerfectTests.swift; sourceTree = "<group>"; };
		8C7537C91A3A0E4800F1DD5E /* PlaySoundsViewController.swift */ = {isa = PBXFileReference; fileEncoding = 4; lastKnownFileType = sourcecode.swift; path = PlaySoundsViewController.swift; sourceTree = "<group>"; };
		8C7537CB1A3A10AB00F1DD5E /* movie_quote.mp3 */ = {isa = PBXFileReference; lastKnownFileType = audio.mp3; path = movie_quote.mp3; sourceTree = "<group>"; };
		8C7537CF1A3A2FAC00F1DD5E /* RecordedAudio.swift */ = {isa = PBXFileReference; fileEncoding = 4; lastKnownFileType = sourcecode.swift; path = RecordedAudio.swift; sourceTree = "<group>"; };
/* End PBXFileReference section */

/* Begin PBXFrameworksBuildPhase section */
		8C7537A11A3A01D900F1DD5E /* Frameworks */ = {
			isa = PBXFrameworksBuildPhase;
			buildActionMask = 2147483647;
			files = (
			);
			runOnlyForDeploymentPostprocessing = 0;
		};
		8C7537B61A3A01D900F1DD5E /* Frameworks */ = {
			isa = PBXFrameworksBuildPhase;
			buildActionMask = 2147483647;
			files = (
			);
			runOnlyForDeploymentPostprocessing = 0;
		};
/* End PBXFrameworksBuildPhase section */

/* Begin PBXGroup section */
		8C75379B1A3A01D900F1DD5E = {
			isa = PBXGroup;
			children = (
				8C7537A61A3A01D900F1DD5E /* Pitch Perfect */,
				8C7537BC1A3A01D900F1DD5E /* Pitch PerfectTests */,
				8C7537A51A3A01D900F1DD5E /* Products */,
			);
			sourceTree = "<group>";
		};
		8C7537A51A3A01D900F1DD5E /* Products */ = {
			isa = PBXGroup;
			children = (
				8C7537A41A3A01D900F1DD5E /* Pitch Perfect.app */,
				8C7537B91A3A01D900F1DD5E /* Pitch PerfectTests.xctest */,
			);
			name = Products;
			sourceTree = "<group>";
		};
		8C7537A61A3A01D900F1DD5E /* Pitch Perfect */ = {
			isa = PBXGroup;
			children = (
				8C7537CF1A3A2FAC00F1DD5E /* RecordedAudio.swift */,
				8C7537A91A3A01D900F1DD5E /* AppDelegate.swift */,
				8C7537AB1A3A01D900F1DD5E /* RecordSoundsViewController.swift */,
				8C7537AD1A3A01D900F1DD5E /* Main.storyboard */,
				8C7537C91A3A0E4800F1DD5E /* PlaySoundsViewController.swift */,
				8C7537CB1A3A10AB00F1DD5E /* movie_quote.mp3 */,
				8C7537B01A3A01D900F1DD5E /* Images.xcassets */,
				8C7537B21A3A01D900F1DD5E /* LaunchScreen.xib */,
				8C7537A71A3A01D900F1DD5E /* Supporting Files */,
			);
			path = "Pitch Perfect";
			sourceTree = "<group>";
		};
		8C7537A71A3A01D900F1DD5E /* Supporting Files */ = {
			isa = PBXGroup;
			children = (
				8C7537A81A3A01D900F1DD5E /* Info.plist */,
			);
			name = "Supporting Files";
			sourceTree = "<group>";
		};
		8C7537BC1A3A01D900F1DD5E /* Pitch PerfectTests */ = {
			isa = PBXGroup;
			children = (
				8C7537BF1A3A01D900F1DD5E /* Pitch_PerfectTests.swift */,
				8C7537BD1A3A01D900F1DD5E /* Supporting Files */,
			);
			path = "Pitch PerfectTests";
			sourceTree = "<group>";
		};
		8C7537BD1A3A01D900F1DD5E /* Supporting Files */ = {
			isa = PBXGroup;
			children = (
				8C7537BE1A3A01D900F1DD5E /* Info.plist */,
			);
			name = "Supporting Files";
			sourceTree = "<group>";
		};
/* End PBXGroup section */

/* Begin PBXNativeTarget section */
		8C7537A31A3A01D900F1DD5E /* Pitch Perfect */ = {
			isa = PBXNativeTarget;
			buildConfigurationList = 8C7537C31A3A01D900F1DD5E /* Build configuration list for PBXNativeTarget "Pitch Perfect" */;
			buildPhases = (
				8C7537A01A3A01D900F1DD5E /* Sources */,
				8C7537A11A3A01D900F1DD5E /* Frameworks */,
				8C7537A21A3A01D900F1DD5E /* Resources */,
			);
			buildRules = (
			);
			dependencies = (
			);
			name = "Pitch Perfect";
			productName = "Pitch Perfect";
			productReference = 8C7537A41A3A01D900F1DD5E /* Pitch Perfect.app */;
			productType = "com.apple.product-type.application";
		};
		8C7537B81A3A01D900F1DD5E /* Pitch PerfectTests */ = {
			isa = PBXNativeTarget;
			buildConfigurationList = 8C7537C61A3A01D900F1DD5E /* Build configuration list for PBXNativeTarget "Pitch PerfectTests" */;
			buildPhases = (
				8C7537B51A3A01D900F1DD5E /* Sources */,
				8C7537B61A3A01D900F1DD5E /* Frameworks */,
				8C7537B71A3A01D900F1DD5E /* Resources */,
			);
			buildRules = (
			);
			dependencies = (
				8C7537BB1A3A01D900F1DD5E /* PBXTargetDependency */,
			);
			name = "Pitch PerfectTests";
			productName = "Pitch PerfectTests";
			productReference = 8C7537B91A3A01D900F1DD5E /* Pitch PerfectTests.xctest */;
			productType = "com.apple.product-type.bundle.unit-test";
		};
/* End PBXNativeTarget section */

/* Begin PBXProject section */
		8C75379C1A3A01D900F1DD5E /* Project object */ = {
			isa = PBXProject;
			attributes = {
				LastUpgradeCheck = 0610;
				ORGANIZATIONNAME = "Derek Wilcox";
				TargetAttributes = {
					8C7537A31A3A01D900F1DD5E = {
						CreatedOnToolsVersion = 6.1.1;
					};
					8C7537B81A3A01D900F1DD5E = {
						CreatedOnToolsVersion = 6.1.1;
						TestTargetID = 8C7537A31A3A01D900F1DD5E;
					};
				};
			};
			buildConfigurationList = 8C75379F1A3A01D900F1DD5E /* Build configuration list for PBXProject "Pitch Perfect" */;
			compatibilityVersion = "Xcode 3.2";
			developmentRegion = English;
			hasScannedForEncodings = 0;
			knownRegions = (
				en,
				Base,
			);
			mainGroup = 8C75379B1A3A01D900F1DD5E;
			productRefGroup = 8C7537A51A3A01D900F1DD5E /* Products */;
			projectDirPath = "";
			projectRoot = "";
			targets = (
				8C7537A31A3A01D900F1DD5E /* Pitch Perfect */,
				8C7537B81A3A01D900F1DD5E /* Pitch PerfectTests */,
			);
		};
/* End PBXProject section */

/* Begin PBXResourcesBuildPhase section */
		8C7537A21A3A01D900F1DD5E /* Resources */ = {
			isa = PBXResourcesBuildPhase;
			buildActionMask = 2147483647;
			files = (
				8C7537AF1A3A01D900F1DD5E /* Main.storyboard in Resources */,
				8C7537B41A3A01D900F1DD5E /* LaunchScreen.xib in Resources */,
				8C7537CC1A3A10AB00F1DD5E /* movie_quote.mp3 in Resources */,
				8C7537B11A3A01D900F1DD5E /* Images.xcassets in Resources */,
			);
			runOnlyForDeploymentPostprocessing = 0;
		};
		8C7537B71A3A01D900F1DD5E /* Resources */ = {
			isa = PBXResourcesBuildPhase;
			buildActionMask = 2147483647;
			files = (
			);
			runOnlyForDeploymentPostprocessing = 0;
		};
/* End PBXResourcesBuildPhase section */

/* Begin PBXSourcesBuildPhase section */
		8C7537A01A3A01D900F1DD5E /* Sources */ = {
			isa = PBXSourcesBuildPhase;
			buildActionMask = 2147483647;
			files = (
				8C7537D01A3A2FAC00F1DD5E /* RecordedAudio.swift in Sources */,
				8C7537AC1A3A01D900F1DD5E /* RecordSoundsViewController.swift in Sources */,
				8C7537CA1A3A0E4800F1DD5E /* PlaySoundsViewController.swift in Sources */,
				8C7537AA1A3A01D900F1DD5E /* AppDelegate.swift in Sources */,
			);
			runOnlyForDeploymentPostprocessing = 0;
		};
		8C7537B51A3A01D900F1DD5E /* Sources */ = {
			isa = PBXSourcesBuildPhase;
			buildActionMask = 2147483647;
			files = (
				8C7537C01A3A01D900F1DD5E /* Pitch_PerfectTests.swift in Sources */,
			);
			runOnlyForDeploymentPostprocessing = 0;
		};
/* End PBXSourcesBuildPhase section */

/* Begin PBXTargetDependency section */
		8C7537BB1A3A01D900F1DD5E /* PBXTargetDependency */ = {
			isa = PBXTargetDependency;
			target = 8C7537A31A3A01D900F1DD5E /* Pitch Perfect */;
			targetProxy = 8C7537BA1A3A01D900F1DD5E /* PBXContainerItemProxy */;
		};
/* End PBXTargetDependency section */

/* Begin PBXVariantGroup section */
		8C7537AD1A3A01D900F1DD5E /* Main.storyboard */ = {
			isa = PBXVariantGroup;
			children = (
				8C7537AE1A3A01D900F1DD5E /* Base */,
			);
			name = Main.storyboard;
			sourceTree = "<group>";
		};
		8C7537B21A3A01D900F1DD5E /* LaunchScreen.xib */ = {
			isa = PBXVariantGroup;
			children = (
				8C7537B31A3A01D900F1DD5E /* Base */,
			);
			name = LaunchScreen.xib;
			sourceTree = "<group>";
		};
/* End PBXVariantGroup section */

/* Begin XCBuildConfiguration section */
		8C7537C11A3A01D900F1DD5E /* Debug */ = {
			isa = XCBuildConfiguration;
			buildSettings = {
				ALWAYS_SEARCH_USER_PATHS = NO;
				CLANG_CXX_LANGUAGE_STANDARD = "gnu++0x";
				CLANG_CXX_LIBRARY = "libc++";
				CLANG_ENABLE_MODULES = YES;
				CLANG_ENABLE_OBJC_ARC = YES;
				CLANG_WARN_BOOL_CONVERSION = YES;
				CLANG_WARN_CONSTANT_CONVERSION = YES;
				CLANG_WARN_DIRECT_OBJC_ISA_USAGE = YES_ERROR;
				CLANG_WARN_EMPTY_BODY = YES;
				CLANG_WARN_ENUM_CONVERSION = YES;
				CLANG_WARN_INT_CONVERSION = YES;
				CLANG_WARN_OBJC_ROOT_CLASS = YES_ERROR;
				CLANG_WARN_UNREACHABLE_CODE = YES;
				CLANG_WARN__DUPLICATE_METHOD_MATCH = YES;
				"CODE_SIGN_IDENTITY[sdk=iphoneos*]" = "iPhone Developer";
				COPY_PHASE_STRIP = NO;
				ENABLE_STRICT_OBJC_MSGSEND = YES;
				GCC_C_LANGUAGE_STANDARD = gnu99;
				GCC_DYNAMIC_NO_PIC = NO;
				GCC_OPTIMIZATION_LEVEL = 0;
				GCC_PREPROCESSOR_DEFINITIONS = (
					"DEBUG=1",
					"$(inherited)",
				);
				GCC_SYMBOLS_PRIVATE_EXTERN = NO;
				GCC_WARN_64_TO_32_BIT_CONVERSION = YES;
				GCC_WARN_ABOUT_RETURN_TYPE = YES_ERROR;
				GCC_WARN_UNDECLARED_SELECTOR = YES;
				GCC_WARN_UNINITIALIZED_AUTOS = YES_AGGRESSIVE;
				GCC_WARN_UNUSED_FUNCTION = YES;
				GCC_WARN_UNUSED_VARIABLE = YES;
				IPHONEOS_DEPLOYMENT_TARGET = 8.1;
				MTL_ENABLE_DEBUG_INFO = YES;
				ONLY_ACTIVE_ARCH = YES;
				SDKROOT = iphoneos;
				SWIFT_OPTIMIZATION_LEVEL = "-Onone";
			};
			name = Debug;
		};
		8C7537C21A3A01D900F1DD5E /* Release */ = {
			isa = XCBuildConfiguration;
			buildSettings = {
				ALWAYS_SEARCH_USER_PATHS = NO;
				CLANG_CXX_LANGUAGE_STANDARD = "gnu++0x";
				CLANG_CXX_LIBRARY = "libc++";
				CLANG_ENABLE_MODULES = YES;
				CLANG_ENABLE_OBJC_ARC = YES;
				CLANG_WARN_BOOL_CONVERSION = YES;
				CLANG_WARN_CONSTANT_CONVERSION = YES;
				CLANG_WARN_DIRECT_OBJC_ISA_USAGE = YES_ERROR;
				CLANG_WARN_EMPTY_BODY = YES;
				CLANG_WARN_ENUM_CONVERSION = YES;
				CLANG_WARN_INT_CONVERSION = YES;
				CLANG_WARN_OBJC_ROOT_CLASS = YES_ERROR;
				CLANG_WARN_UNREACHABLE_CODE = YES;
				CLANG_WARN__DUPLICATE_METHOD_MATCH = YES;
				"CODE_SIGN_IDENTITY[sdk=iphoneos*]" = "iPhone Developer";
				COPY_PHASE_STRIP = YES;
				ENABLE_NS_ASSERTIONS = NO;
				ENABLE_STRICT_OBJC_MSGSEND = YES;
				GCC_C_LANGUAGE_STANDARD = gnu99;
				GCC_WARN_64_TO_32_BIT_CONVERSION = YES;
				GCC_WARN_ABOUT_RETURN_TYPE = YES_ERROR;
				GCC_WARN_UNDECLARED_SELECTOR = YES;
				GCC_WARN_UNINITIALIZED_AUTOS = YES_AGGRESSIVE;
				GCC_WARN_UNUSED_FUNCTION = YES;
				GCC_WARN_UNUSED_VARIABLE = YES;
				IPHONEOS_DEPLOYMENT_TARGET = 8.1;
				MTL_ENABLE_DEBUG_INFO = NO;
				SDKROOT = iphoneos;
				VALIDATE_PRODUCT = YES;
			};
			name = Release;
		};
		8C7537C41A3A01D900F1DD5E /* Debug */ = {
			isa = XCBuildConfiguration;
			buildSettings = {
				ASSETCATALOG_COMPILER_APPICON_NAME = AppIcon;
				INFOPLIST_FILE = "Pitch Perfect/Info.plist";
				LD_RUNPATH_SEARCH_PATHS = "$(inherited) @executable_path/Frameworks";
				PRODUCT_NAME = "$(TARGET_NAME)";
			};
			name = Debug;
		};
		8C7537C51A3A01D900F1DD5E /* Release */ = {
			isa = XCBuildConfiguration;
			buildSettings = {
				ASSETCATALOG_COMPILER_APPICON_NAME = AppIcon;
				INFOPLIST_FILE = "Pitch Perfect/Info.plist";
				LD_RUNPATH_SEARCH_PATHS = "$(inherited) @executable_path/Frameworks";
				PRODUCT_NAME = "$(TARGET_NAME)";
			};
			name = Release;
		};
		8C7537C71A3A01D900F1DD5E /* Debug */ = {
			isa = XCBuildConfiguration;
			buildSettings = {
				BUNDLE_LOADER = "$(TEST_HOST)";
				FRAMEWORK_SEARCH_PATHS = (
					"$(SDKROOT)/Developer/Library/Frameworks",
					"$(inherited)",
				);
				GCC_PREPROCESSOR_DEFINITIONS = (
					"DEBUG=1",
					"$(inherited)",
				);
				INFOPLIST_FILE = "Pitch PerfectTests/Info.plist";
				LD_RUNPATH_SEARCH_PATHS = "$(inherited) @executable_path/Frameworks @loader_path/Frameworks";
				PRODUCT_NAME = "$(TARGET_NAME)";
				TEST_HOST = "$(BUILT_PRODUCTS_DIR)/Pitch Perfect.app/Pitch Perfect";
			};
			name = Debug;
		};
		8C7537C81A3A01D900F1DD5E /* Release */ = {
			isa = XCBuildConfiguration;
			buildSettings = {
				BUNDLE_LOADER = "$(TEST_HOST)";
				FRAMEWORK_SEARCH_PATHS = (
					"$(SDKROOT)/Developer/Library/Frameworks",
					"$(inherited)",
				);
				INFOPLIST_FILE = "Pitch PerfectTests/Info.plist";
				LD_RUNPATH_SEARCH_PATHS = "$(inherited) @executable_path/Frameworks @loader_path/Frameworks";
				PRODUCT_NAME = "$(TARGET_NAME)";
				TEST_HOST = "$(BUILT_PRODUCTS_DIR)/Pitch Perfect.app/Pitch Perfect";
			};
			name = Release;
		};
/* End XCBuildConfiguration section */

/* Begin XCConfigurationList section */
		8C75379F1A3A01D900F1DD5E /* Build configuration list for PBXProject "Pitch Perfect" */ = {
			isa = XCConfigurationList;
			buildConfigurations = (
				8C7537C11A3A01D900F1DD5E /* Debug */,
				8C7537C21A3A01D900F1DD5E /* Release */,
			);
			defaultConfigurationIsVisible = 0;
			defaultConfigurationName = Release;
		};
		8C7537C31A3A01D900F1DD5E /* Build configuration list for PBXNativeTarget "Pitch Perfect" */ = {
			isa = XCConfigurationList;
			buildConfigurations = (
				8C7537C41A3A01D900F1DD5E /* Debug */,
				8C7537C51A3A01D900F1DD5E /* Release */,
			);
			defaultConfigurationIsVisible = 0;
			defaultConfigurationName = Release;
		};
		8C7537C61A3A01D900F1DD5E /* Build configuration list for PBXNativeTarget "Pitch PerfectTests" */ = {
			isa = XCConfigurationList;
			buildConfigurations = (
				8C7537C71A3A01D900F1DD5E /* Debug */,
				8C7537C81A3A01D900F1DD5E /* Release */,
			);
			defaultConfigurationIsVisible = 0;
			defaultConfigurationName = Release;
		};
/* End XCConfigurationList section */
	};
	rootObject = 8C75379C1A3A01D900F1DD5E /* Project object */;
}
